// !$*UTF8*$!
{
	archiveVersion = 1;
	classes = {
	};
	objectVersion = 55;
	objects = {

/* Begin PBXBuildFile section */
		A24E0317276A558900FB0125 /* main.m in Sources */ = {isa = PBXBuildFile; fileRef = A24E0316276A558900FB0125 /* main.m */; };
		A24E031E276A559E00FB0125 /* whoexec.m in Sources */ = {isa = PBXBuildFile; fileRef = A24E031D276A559E00FB0125 /* whoexec.m */; };
		A24E0324276A5C7600FB0125 /* libEndpointSecurity.tbd in Frameworks */ = {isa = PBXBuildFile; fileRef = A24E0323276A5C7200FB0125 /* libEndpointSecurity.tbd */; };
		A24E0327276A5DAF00FB0125 /* EndpointSecurity.m in Sources */ = {isa = PBXBuildFile; fileRef = A24E0326276A5DAF00FB0125 /* EndpointSecurity.m */; };
		A24E032E276A7A2800FB0125 /* libbsm.tbd in Frameworks */ = {isa = PBXBuildFile; fileRef = A24E032B276A793F00FB0125 /* libbsm.tbd */; };
/* End PBXBuildFile section */

/* Begin PBXCopyFilesBuildPhase section */
		A24E0311276A558800FB0125 /* CopyFiles */ = {
			isa = PBXCopyFilesBuildPhase;
			buildActionMask = 2147483647;
			dstPath = /usr/share/man/man1/;
			dstSubfolderSpec = 0;
			files = (
			);
			runOnlyForDeploymentPostprocessing = 1;
		};
/* End PBXCopyFilesBuildPhase section */

/* Begin PBXFileReference section */
		A24E0313276A558900FB0125 /* whoexec */ = {isa = PBXFileReference; explicitFileType = "compiled.mach-o.executable"; includeInIndex = 0; path = whoexec; sourceTree = BUILT_PRODUCTS_DIR; };
		A24E0316276A558900FB0125 /* main.m */ = {isa = PBXFileReference; lastKnownFileType = sourcecode.c.objc; path = main.m; sourceTree = "<group>"; };
		A24E031D276A559E00FB0125 /* whoexec.m */ = {isa = PBXFileReference; lastKnownFileType = sourcecode.c.objc; path = whoexec.m; sourceTree = "<group>"; };
		A24E031F276A55AF00FB0125 /* whoexec.h */ = {isa = PBXFileReference; lastKnownFileType = sourcecode.c.h; path = whoexec.h; sourceTree = "<group>"; };
		A24E0321276A5C6A00FB0125 /* Security.framework */ = {isa = PBXFileReference; lastKnownFileType = wrapper.framework; name = Security.framework; path = System/Library/Frameworks/Security.framework; sourceTree = SDKROOT; };
		A24E0323276A5C7200FB0125 /* libEndpointSecurity.tbd */ = {isa = PBXFileReference; lastKnownFileType = "sourcecode.text-based-dylib-definition"; name = libEndpointSecurity.tbd; path = usr/lib/libEndpointSecurity.tbd; sourceTree = SDKROOT; };
		A24E0325276A5CF800FB0125 /* EndpointSecurity.h */ = {isa = PBXFileReference; lastKnownFileType = sourcecode.c.h; path = EndpointSecurity.h; sourceTree = "<group>"; };
		A24E0326276A5DAF00FB0125 /* EndpointSecurity.m */ = {isa = PBXFileReference; lastKnownFileType = sourcecode.c.objc; path = EndpointSecurity.m; sourceTree = "<group>"; };
		A24E0328276A737A00FB0125 /* whoexec.entitlements */ = {isa = PBXFileReference; lastKnownFileType = text.plist.entitlements; path = whoexec.entitlements; sourceTree = "<group>"; };
		A24E0329276A793600FB0125 /* libbsm.0.tbd */ = {isa = PBXFileReference; lastKnownFileType = "sourcecode.text-based-dylib-definition"; name = libbsm.0.tbd; path = usr/lib/libbsm.0.tbd; sourceTree = SDKROOT; };
		A24E032B276A793F00FB0125 /* libbsm.tbd */ = {isa = PBXFileReference; lastKnownFileType = "sourcecode.text-based-dylib-definition"; name = libbsm.tbd; path = usr/lib/libbsm.tbd; sourceTree = SDKROOT; };
/* End PBXFileReference section */

/* Begin PBXFrameworksBuildPhase section */
		A24E0310276A558800FB0125 /* Frameworks */ = {
			isa = PBXFrameworksBuildPhase;
			buildActionMask = 2147483647;
			files = (
				A24E032E276A7A2800FB0125 /* libbsm.tbd in Frameworks */,
				A24E0324276A5C7600FB0125 /* libEndpointSecurity.tbd in Frameworks */,
			);
			runOnlyForDeploymentPostprocessing = 0;
		};
/* End PBXFrameworksBuildPhase section */

/* Begin PBXGroup section */
		A24E030A276A558800FB0125 = {
			isa = PBXGroup;
			children = (
				A24E0315276A558900FB0125 /* whoexec */,
				A24E0314276A558900FB0125 /* Products */,
				A24E0320276A5C6A00FB0125 /* Frameworks */,
			);
			sourceTree = "<group>";
		};
		A24E0314276A558900FB0125 /* Products */ = {
			isa = PBXGroup;
			children = (
				A24E0313276A558900FB0125 /* whoexec */,
			);
			name = Products;
			sourceTree = "<group>";
		};
		A24E0315276A558900FB0125 /* whoexec */ = {
			isa = PBXGroup;
			children = (
				A24E0328276A737A00FB0125 /* whoexec.entitlements */,
				A24E0316276A558900FB0125 /* main.m */,
				A24E031D276A559E00FB0125 /* whoexec.m */,
				A24E031F276A55AF00FB0125 /* whoexec.h */,
				A24E0325276A5CF800FB0125 /* EndpointSecurity.h */,
				A24E0326276A5DAF00FB0125 /* EndpointSecurity.m */,
			);
			path = whoexec;
			sourceTree = "<group>";
		};
		A24E0320276A5C6A00FB0125 /* Frameworks */ = {
			isa = PBXGroup;
			children = (
				A24E032B276A793F00FB0125 /* libbsm.tbd */,
				A24E0329276A793600FB0125 /* libbsm.0.tbd */,
				A24E0323276A5C7200FB0125 /* libEndpointSecurity.tbd */,
				A24E0321276A5C6A00FB0125 /* Security.framework */,
			);
			name = Frameworks;
			sourceTree = "<group>";
		};
/* End PBXGroup section */

/* Begin PBXNativeTarget section */
		A24E0312276A558800FB0125 /* whoexec */ = {
			isa = PBXNativeTarget;
			buildConfigurationList = A24E031A276A558900FB0125 /* Build configuration list for PBXNativeTarget "whoexec" */;
			buildPhases = (
				A24E030F276A558800FB0125 /* Sources */,
				A24E0310276A558800FB0125 /* Frameworks */,
				A24E0311276A558800FB0125 /* CopyFiles */,
			);
			buildRules = (
			);
			dependencies = (
			);
			name = whoexec;
			productName = whoexec;
			productReference = A24E0313276A558900FB0125 /* whoexec */;
			productType = "com.apple.product-type.tool";
		};
/* End PBXNativeTarget section */

/* Begin PBXProject section */
		A24E030B276A558800FB0125 /* Project object */ = {
			isa = PBXProject;
			attributes = {
				BuildIndependentTargetsInParallel = 1;
				LastUpgradeCheck = 1320;
				TargetAttributes = {
					A24E0312276A558800FB0125 = {
						CreatedOnToolsVersion = 13.2;
					};
				};
			};
			buildConfigurationList = A24E030E276A558800FB0125 /* Build configuration list for PBXProject "whoexec" */;
			compatibilityVersion = "Xcode 13.0";
			developmentRegion = en;
			hasScannedForEncodings = 0;
			knownRegions = (
				en,
				Base,
			);
			mainGroup = A24E030A276A558800FB0125;
			productRefGroup = A24E0314276A558900FB0125 /* Products */;
			projectDirPath = "";
			projectRoot = "";
			targets = (
				A24E0312276A558800FB0125 /* whoexec */,
			);
		};
/* End PBXProject section */

/* Begin PBXSourcesBuildPhase section */
		A24E030F276A558800FB0125 /* Sources */ = {
			isa = PBXSourcesBuildPhase;
			buildActionMask = 2147483647;
			files = (
				A24E0317276A558900FB0125 /* main.m in Sources */,
				A24E0327276A5DAF00FB0125 /* EndpointSecurity.m in Sources */,
				A24E031E276A559E00FB0125 /* whoexec.m in Sources */,
			);
			runOnlyForDeploymentPostprocessing = 0;
		};
/* End PBXSourcesBuildPhase section */

/* Begin XCBuildConfiguration section */
		A24E0318276A558900FB0125 /* Debug */ = {
			isa = XCBuildConfiguration;
			buildSettings = {
				ALWAYS_SEARCH_USER_PATHS = NO;
				CLANG_ANALYZER_NONNULL = YES;
				CLANG_ANALYZER_NUMBER_OBJECT_CONVERSION = YES_AGGRESSIVE;
				CLANG_CXX_LANGUAGE_STANDARD = "gnu++17";
				CLANG_CXX_LIBRARY = "libc++";
				CLANG_ENABLE_MODULES = YES;
				CLANG_ENABLE_OBJC_ARC = YES;
				CLANG_ENABLE_OBJC_WEAK = YES;
				CLANG_WARN_BLOCK_CAPTURE_AUTORELEASING = YES;
				CLANG_WARN_BOOL_CONVERSION = YES;
				CLANG_WARN_COMMA = YES;
				CLANG_WARN_CONSTANT_CONVERSION = YES;
				CLANG_WARN_DEPRECATED_OBJC_IMPLEMENTATIONS = YES;
				CLANG_WARN_DIRECT_OBJC_ISA_USAGE = YES_ERROR;
				CLANG_WARN_DOCUMENTATION_COMMENTS = YES;
				CLANG_WARN_EMPTY_BODY = YES;
				CLANG_WARN_ENUM_CONVERSION = YES;
				CLANG_WARN_INFINITE_RECURSION = YES;
				CLANG_WARN_INT_CONVERSION = YES;
				CLANG_WARN_NON_LITERAL_NULL_CONVERSION = YES;
				CLANG_WARN_OBJC_IMPLICIT_RETAIN_SELF = YES;
				CLANG_WARN_OBJC_LITERAL_CONVERSION = YES;
				CLANG_WARN_OBJC_ROOT_CLASS = YES_ERROR;
				CLANG_WARN_QUOTED_INCLUDE_IN_FRAMEWORK_HEADER = YES;
				CLANG_WARN_RANGE_LOOP_ANALYSIS = YES;
				CLANG_WARN_STRICT_PROTOTYPES = YES;
				CLANG_WARN_SUSPICIOUS_MOVE = YES;
				CLANG_WARN_UNGUARDED_AVAILABILITY = YES_AGGRESSIVE;
				CLANG_WARN_UNREACHABLE_CODE = YES;
				CLANG_WARN__DUPLICATE_METHOD_MATCH = YES;
				COPY_PHASE_STRIP = NO;
				DEBUG_INFORMATION_FORMAT = dwarf;
				ENABLE_STRICT_OBJC_MSGSEND = YES;
				ENABLE_TESTABILITY = YES;
				GCC_C_LANGUAGE_STANDARD = gnu11;
				GCC_DYNAMIC_NO_PIC = NO;
				GCC_NO_COMMON_BLOCKS = YES;
				GCC_OPTIMIZATION_LEVEL = 0;
				GCC_PREPROCESSOR_DEFINITIONS = (
					"DEBUG=1",
					"$(inherited)",
				);
				GCC_WARN_64_TO_32_BIT_CONVERSION = YES;
				GCC_WARN_ABOUT_RETURN_TYPE = YES_ERROR;
				GCC_WARN_UNDECLARED_SELECTOR = YES;
				GCC_WARN_UNINITIALIZED_AUTOS = YES_AGGRESSIVE;
				GCC_WARN_UNUSED_FUNCTION = YES;
				GCC_WARN_UNUSED_VARIABLE = YES;
				MACOSX_DEPLOYMENT_TARGET = 12.0;
				MTL_ENABLE_DEBUG_INFO = INCLUDE_SOURCE;
				MTL_FAST_MATH = YES;
				ONLY_ACTIVE_ARCH = YES;
				SDKROOT = macosx;
			};
			name = Debug;
		};
		A24E0319276A558900FB0125 /* Release */ = {
			isa = XCBuildConfiguration;
			buildSettings = {
				ALWAYS_SEARCH_USER_PATHS = NO;
				CLANG_ANALYZER_NONNULL = YES;
				CLANG_ANALYZER_NUMBER_OBJECT_CONVERSION = YES_AGGRESSIVE;
				CLANG_CXX_LANGUAGE_STANDARD = "gnu++17";
				CLANG_CXX_LIBRARY = "libc++";
				CLANG_ENABLE_MODULES = YES;
				CLANG_ENABLE_OBJC_ARC = YES;
				CLANG_ENABLE_OBJC_WEAK = YES;
				CLANG_WARN_BLOCK_CAPTURE_AUTORELEASING = YES;
				CLANG_WARN_BOOL_CONVERSION = YES;
				CLANG_WARN_COMMA = YES;
				CLANG_WARN_CONSTANT_CONVERSION = YES;
				CLANG_WARN_DEPRECATED_OBJC_IMPLEMENTATIONS = YES;
				CLANG_WARN_DIRECT_OBJC_ISA_USAGE = YES_ERROR;
				CLANG_WARN_DOCUMENTATION_COMMENTS = YES;
				CLANG_WARN_EMPTY_BODY = YES;
				CLANG_WARN_ENUM_CONVERSION = YES;
				CLANG_WARN_INFINITE_RECURSION = YES;
				CLANG_WARN_INT_CONVERSION = YES;
				CLANG_WARN_NON_LITERAL_NULL_CONVERSION = YES;
				CLANG_WARN_OBJC_IMPLICIT_RETAIN_SELF = YES;
				CLANG_WARN_OBJC_LITERAL_CONVERSION = YES;
				CLANG_WARN_OBJC_ROOT_CLASS = YES_ERROR;
				CLANG_WARN_QUOTED_INCLUDE_IN_FRAMEWORK_HEADER = YES;
				CLANG_WARN_RANGE_LOOP_ANALYSIS = YES;
				CLANG_WARN_STRICT_PROTOTYPES = YES;
				CLANG_WARN_SUSPICIOUS_MOVE = YES;
				CLANG_WARN_UNGUARDED_AVAILABILITY = YES_AGGRESSIVE;
				CLANG_WARN_UNREACHABLE_CODE = YES;
				CLANG_WARN__DUPLICATE_METHOD_MATCH = YES;
				COPY_PHASE_STRIP = NO;
				DEBUG_INFORMATION_FORMAT = "dwarf-with-dsym";
				ENABLE_NS_ASSERTIONS = NO;
				ENABLE_STRICT_OBJC_MSGSEND = YES;
				GCC_C_LANGUAGE_STANDARD = gnu11;
				GCC_NO_COMMON_BLOCKS = YES;
				GCC_WARN_64_TO_32_BIT_CONVERSION = YES;
				GCC_WARN_ABOUT_RETURN_TYPE = YES_ERROR;
				GCC_WARN_UNDECLARED_SELECTOR = YES;
				GCC_WARN_UNINITIALIZED_AUTOS = YES_AGGRESSIVE;
				GCC_WARN_UNUSED_FUNCTION = YES;
				GCC_WARN_UNUSED_VARIABLE = YES;
				MACOSX_DEPLOYMENT_TARGET = 12.0;
				MTL_ENABLE_DEBUG_INFO = NO;
				MTL_FAST_MATH = YES;
				SDKROOT = macosx;
			};
			name = Release;
		};
		A24E031B276A558900FB0125 /* Debug */ = {
			isa = XCBuildConfiguration;
			buildSettings = {
				CODE_SIGN_ENTITLEMENTS = whoexec/whoexec.entitlements;
				CODE_SIGN_STYLE = Automatic;
				PRODUCT_NAME = "$(TARGET_NAME)";
			};
			name = Debug;
		};
		A24E031C276A558900FB0125 /* Release */ = {
			isa = XCBuildConfiguration;
			buildSettings = {
				CODE_SIGN_ENTITLEMENTS = whoexec/whoexec.entitlements;
				CODE_SIGN_STYLE = Automatic;
				PRODUCT_NAME = "$(TARGET_NAME)";
			};
			name = Release;
		};
/* End XCBuildConfiguration section */

/* Begin XCConfigurationList section */
		A24E030E276A558800FB0125 /* Build configuration list for PBXProject "whoexec" */ = {
			isa = XCConfigurationList;
			buildConfigurations = (
				A24E0318276A558900FB0125 /* Debug */,
				A24E0319276A558900FB0125 /* Release */,
			);
			defaultConfigurationIsVisible = 0;
			defaultConfigurationName = Release;
		};
		A24E031A276A558900FB0125 /* Build configuration list for PBXNativeTarget "whoexec" */ = {
			isa = XCConfigurationList;
			buildConfigurations = (
				A24E031B276A558900FB0125 /* Debug */,
				A24E031C276A558900FB0125 /* Release */,
			);
			defaultConfigurationIsVisible = 0;
			defaultConfigurationName = Release;
		};
/* End XCConfigurationList section */
	};
	rootObject = A24E030B276A558800FB0125 /* Project object */;
}
